
Microsoft Visual Studio Solution File, Format Version 12.00
# Visual Studio Version 16
VisualStudioVersion = 16.0.31702.278
MinimumVisualStudioVersion = 10.0.40219.1
Project("{9A19103F-16F7-4668-BE54-9A1E7A4F7556}") = "TMS.Polunchenko.Homework1", "src\TMS.Polunchenko.Homework1\TMS.Polunchenko.Homework1.csproj", "{79EC04AB-2169-4F92-91DC-012CF0472995}"
EndProject
Project("{9A19103F-16F7-4668-BE54-9A1E7A4F7556}") = "TMS.Polunchenko.Homework1.1", "src\TMS.Polunchenko.Homework1.1\TMS.Polunchenko.Homework1.1.csproj", "{FA47691D-1579-46EE-B30D-EC8FCD4DD084}"
EndProject
Project("{FAE04EC0-301F-11D3-BF4B-00C04F79EFBC}") = "Homework-2", "Homework-2\Homework-2.csproj", "{0997CEE9-528D-4E12-BED1-121CA454B397}"
EndProject
Global
	GlobalSection(SolutionConfigurationPlatforms) = preSolution
		Debug|Any CPU = Debug|Any CPU
		Release|Any CPU = Release|Any CPU
	EndGlobalSection
	GlobalSection(ProjectConfigurationPlatforms) = postSolution
		{79EC04AB-2169-4F92-91DC-012CF0472995}.Debug|Any CPU.ActiveCfg = Debug|Any CPU
		{79EC04AB-2169-4F92-91DC-012CF0472995}.Debug|Any CPU.Build.0 = Debug|Any CPU
		{79EC04AB-2169-4F92-91DC-012CF0472995}.Release|Any CPU.ActiveCfg = Release|Any CPU
		{79EC04AB-2169-4F92-91DC-012CF0472995}.Release|Any CPU.Build.0 = Release|Any CPU
		{FA47691D-1579-46EE-B30D-EC8FCD4DD084}.Debug|Any CPU.ActiveCfg = Debug|Any CPU
		{FA47691D-1579-46EE-B30D-EC8FCD4DD084}.Debug|Any CPU.Build.0 = Debug|Any CPU
		{FA47691D-1579-46EE-B30D-EC8FCD4DD084}.Release|Any CPU.ActiveCfg = Release|Any CPU
		{FA47691D-1579-46EE-B30D-EC8FCD4DD084}.Release|Any CPU.Build.0 = Release|Any CPU
		{0997CEE9-528D-4E12-BED1-121CA454B397}.Debug|Any CPU.ActiveCfg = Debug|Any CPU
		{0997CEE9-528D-4E12-BED1-121CA454B397}.Debug|Any CPU.Build.0 = Debug|Any CPU
		{0997CEE9-528D-4E12-BED1-121CA454B397}.Release|Any CPU.ActiveCfg = Release|Any CPU
		{0997CEE9-528D-4E12-BED1-121CA454B397}.Release|Any CPU.Build.0 = Release|Any CPU
	EndGlobalSection
	GlobalSection(SolutionProperties) = preSolution
		HideSolutionNode = FALSE
	EndGlobalSection
	GlobalSection(ExtensibilityGlobals) = postSolution
		SolutionGuid = {16C33340-920C-4F7A-AD10-720FD9F7E134}
	EndGlobalSection
EndGlobal
