
Microsoft Visual Studio Solution File, Format Version 12.00
# Visual Studio Version 16
VisualStudioVersion = 16.0.31702.278
MinimumVisualStudioVersion = 10.0.40219.1
Project("{9A19103F-16F7-4668-BE54-9A1E7A4F7556}") = "TMS.Polunchenko.Homework1", "src\TMS.Polunchenko.Homework1\TMS.Polunchenko.Homework1.csproj", "{79EC04AB-2169-4F92-91DC-012CF0472995}"
EndProject
Project("{9A19103F-16F7-4668-BE54-9A1E7A4F7556}") = "TMS.Polunchenko.Homework1.1", "src\TMS.Polunchenko.Homework1.1\TMS.Polunchenko.Homework1.1.csproj", "{FA47691D-1579-46EE-B30D-EC8FCD4DD084}"
EndProject
Project("{9A19103F-16F7-4668-BE54-9A1E7A4F7556}") = "TMS.Polunchenko.Homework2", "src\TMS.Polunchenko.Homework2\TMS.Polunchenko.Homework2.csproj", "{DB08B1B6-9819-42BF-8DCC-3A16AA9A6863}"
EndProject
Project("{9A19103F-16F7-4668-BE54-9A1E7A4F7556}") = "TMS.Polunchenko.Homework3", "src\TMS.Polunchenko.Homework3\TMS.Polunchenko.Homework3.csproj", "{E714E421-BC7E-4527-8655-189933013352}"
EndProject
Project("{9A19103F-16F7-4668-BE54-9A1E7A4F7556}") = "TMS.Polunchenko.Homework6", "src\TMS.Polunchenko.Homework6\TMS.Polunchenko.Homework6.csproj", "{472EA4C3-3464-452B-89D3-2EA21E016AD4}"
EndProject
Project("{9A19103F-16F7-4668-BE54-9A1E7A4F7556}") = "TMS.Polunchenko.Homework5", "src\TMS.Polunchenko.Homework5\TMS.Polunchenko.Homework5.csproj", "{C409163F-38F2-46D9-AF58-FBA17D15EE66}"
EndProject
Project("{9A19103F-16F7-4668-BE54-9A1E7A4F7556}") = "TMS.Polunchenko.Homework4", "src\TMS.Polunchenko.Homework4\TMS.Polunchenko.Homework4.csproj", "{DA383A62-7866-425C-959B-FFA0CAF21A9D}"
EndProject
Project("{2150E333-8FDC-42A3-9474-1A3956D46DE8}") = "API", "API", "{15FE0B16-447B-46A3-9B5C-43A9BC92C911}"
EndProject
Project("{9A19103F-16F7-4668-BE54-9A1E7A4F7556}") = "TMS.Polunchenko.Weathermapp", "src\TMS.Polunchenko.Weathermapp\TMS.Polunchenko.Weathermapp.csproj", "{CA0F37D6-2E1C-4549-BECC-054770423A27}"
EndProject
Global
	GlobalSection(SolutionConfigurationPlatforms) = preSolution
		Debug|Any CPU = Debug|Any CPU
		Debug|ARM = Debug|ARM
		Debug|ARM64 = Debug|ARM64
		Debug|x64 = Debug|x64
		Debug|x86 = Debug|x86
		Release|Any CPU = Release|Any CPU
		Release|ARM = Release|ARM
		Release|ARM64 = Release|ARM64
		Release|x64 = Release|x64
		Release|x86 = Release|x86
	EndGlobalSection
	GlobalSection(ProjectConfigurationPlatforms) = postSolution
		{79EC04AB-2169-4F92-91DC-012CF0472995}.Debug|Any CPU.ActiveCfg = Debug|Any CPU
		{79EC04AB-2169-4F92-91DC-012CF0472995}.Debug|Any CPU.Build.0 = Debug|Any CPU
		{79EC04AB-2169-4F92-91DC-012CF0472995}.Debug|ARM.ActiveCfg = Debug|Any CPU
		{79EC04AB-2169-4F92-91DC-012CF0472995}.Debug|ARM.Build.0 = Debug|Any CPU
		{79EC04AB-2169-4F92-91DC-012CF0472995}.Debug|ARM64.ActiveCfg = Debug|Any CPU
		{79EC04AB-2169-4F92-91DC-012CF0472995}.Debug|ARM64.Build.0 = Debug|Any CPU
		{79EC04AB-2169-4F92-91DC-012CF0472995}.Debug|x64.ActiveCfg = Debug|Any CPU
		{79EC04AB-2169-4F92-91DC-012CF0472995}.Debug|x64.Build.0 = Debug|Any CPU
		{79EC04AB-2169-4F92-91DC-012CF0472995}.Debug|x86.ActiveCfg = Debug|Any CPU
		{79EC04AB-2169-4F92-91DC-012CF0472995}.Debug|x86.Build.0 = Debug|Any CPU
		{79EC04AB-2169-4F92-91DC-012CF0472995}.Release|Any CPU.ActiveCfg = Release|Any CPU
		{79EC04AB-2169-4F92-91DC-012CF0472995}.Release|Any CPU.Build.0 = Release|Any CPU
		{79EC04AB-2169-4F92-91DC-012CF0472995}.Release|ARM.ActiveCfg = Release|Any CPU
		{79EC04AB-2169-4F92-91DC-012CF0472995}.Release|ARM.Build.0 = Release|Any CPU
		{79EC04AB-2169-4F92-91DC-012CF0472995}.Release|ARM64.ActiveCfg = Release|Any CPU
		{79EC04AB-2169-4F92-91DC-012CF0472995}.Release|ARM64.Build.0 = Release|Any CPU
		{79EC04AB-2169-4F92-91DC-012CF0472995}.Release|x64.ActiveCfg = Release|Any CPU
		{79EC04AB-2169-4F92-91DC-012CF0472995}.Release|x64.Build.0 = Release|Any CPU
		{79EC04AB-2169-4F92-91DC-012CF0472995}.Release|x86.ActiveCfg = Release|Any CPU
		{79EC04AB-2169-4F92-91DC-012CF0472995}.Release|x86.Build.0 = Release|Any CPU
		{FA47691D-1579-46EE-B30D-EC8FCD4DD084}.Debug|Any CPU.ActiveCfg = Debug|Any CPU
		{FA47691D-1579-46EE-B30D-EC8FCD4DD084}.Debug|Any CPU.Build.0 = Debug|Any CPU
		{FA47691D-1579-46EE-B30D-EC8FCD4DD084}.Debug|ARM.ActiveCfg = Debug|Any CPU
		{FA47691D-1579-46EE-B30D-EC8FCD4DD084}.Debug|ARM.Build.0 = Debug|Any CPU
		{FA47691D-1579-46EE-B30D-EC8FCD4DD084}.Debug|ARM64.ActiveCfg = Debug|Any CPU
		{FA47691D-1579-46EE-B30D-EC8FCD4DD084}.Debug|ARM64.Build.0 = Debug|Any CPU
		{FA47691D-1579-46EE-B30D-EC8FCD4DD084}.Debug|x64.ActiveCfg = Debug|Any CPU
		{FA47691D-1579-46EE-B30D-EC8FCD4DD084}.Debug|x64.Build.0 = Debug|Any CPU
		{FA47691D-1579-46EE-B30D-EC8FCD4DD084}.Debug|x86.ActiveCfg = Debug|Any CPU
		{FA47691D-1579-46EE-B30D-EC8FCD4DD084}.Debug|x86.Build.0 = Debug|Any CPU
		{FA47691D-1579-46EE-B30D-EC8FCD4DD084}.Release|Any CPU.ActiveCfg = Release|Any CPU
		{FA47691D-1579-46EE-B30D-EC8FCD4DD084}.Release|Any CPU.Build.0 = Release|Any CPU
		{FA47691D-1579-46EE-B30D-EC8FCD4DD084}.Release|ARM.ActiveCfg = Release|Any CPU
		{FA47691D-1579-46EE-B30D-EC8FCD4DD084}.Release|ARM.Build.0 = Release|Any CPU
		{FA47691D-1579-46EE-B30D-EC8FCD4DD084}.Release|ARM64.ActiveCfg = Release|Any CPU
		{FA47691D-1579-46EE-B30D-EC8FCD4DD084}.Release|ARM64.Build.0 = Release|Any CPU
		{FA47691D-1579-46EE-B30D-EC8FCD4DD084}.Release|x64.ActiveCfg = Release|Any CPU
		{FA47691D-1579-46EE-B30D-EC8FCD4DD084}.Release|x64.Build.0 = Release|Any CPU
		{FA47691D-1579-46EE-B30D-EC8FCD4DD084}.Release|x86.ActiveCfg = Release|Any CPU
		{FA47691D-1579-46EE-B30D-EC8FCD4DD084}.Release|x86.Build.0 = Release|Any CPU
		{DB08B1B6-9819-42BF-8DCC-3A16AA9A6863}.Debug|Any CPU.ActiveCfg = Debug|Any CPU
		{DB08B1B6-9819-42BF-8DCC-3A16AA9A6863}.Debug|Any CPU.Build.0 = Debug|Any CPU
		{DB08B1B6-9819-42BF-8DCC-3A16AA9A6863}.Debug|ARM.ActiveCfg = Debug|Any CPU
		{DB08B1B6-9819-42BF-8DCC-3A16AA9A6863}.Debug|ARM.Build.0 = Debug|Any CPU
		{DB08B1B6-9819-42BF-8DCC-3A16AA9A6863}.Debug|ARM64.ActiveCfg = Debug|Any CPU
		{DB08B1B6-9819-42BF-8DCC-3A16AA9A6863}.Debug|ARM64.Build.0 = Debug|Any CPU
		{DB08B1B6-9819-42BF-8DCC-3A16AA9A6863}.Debug|x64.ActiveCfg = Debug|Any CPU
		{DB08B1B6-9819-42BF-8DCC-3A16AA9A6863}.Debug|x64.Build.0 = Debug|Any CPU
		{DB08B1B6-9819-42BF-8DCC-3A16AA9A6863}.Debug|x86.ActiveCfg = Debug|Any CPU
		{DB08B1B6-9819-42BF-8DCC-3A16AA9A6863}.Debug|x86.Build.0 = Debug|Any CPU
		{DB08B1B6-9819-42BF-8DCC-3A16AA9A6863}.Release|Any CPU.ActiveCfg = Release|Any CPU
		{DB08B1B6-9819-42BF-8DCC-3A16AA9A6863}.Release|Any CPU.Build.0 = Release|Any CPU
		{DB08B1B6-9819-42BF-8DCC-3A16AA9A6863}.Release|ARM.ActiveCfg = Release|Any CPU
		{DB08B1B6-9819-42BF-8DCC-3A16AA9A6863}.Release|ARM.Build.0 = Release|Any CPU
		{DB08B1B6-9819-42BF-8DCC-3A16AA9A6863}.Release|ARM64.ActiveCfg = Release|Any CPU
		{DB08B1B6-9819-42BF-8DCC-3A16AA9A6863}.Release|ARM64.Build.0 = Release|Any CPU
		{DB08B1B6-9819-42BF-8DCC-3A16AA9A6863}.Release|x64.ActiveCfg = Release|Any CPU
		{DB08B1B6-9819-42BF-8DCC-3A16AA9A6863}.Release|x64.Build.0 = Release|Any CPU
		{DB08B1B6-9819-42BF-8DCC-3A16AA9A6863}.Release|x86.ActiveCfg = Release|Any CPU
		{DB08B1B6-9819-42BF-8DCC-3A16AA9A6863}.Release|x86.Build.0 = Release|Any CPU
		{E714E421-BC7E-4527-8655-189933013352}.Debug|Any CPU.ActiveCfg = Debug|Any CPU
		{E714E421-BC7E-4527-8655-189933013352}.Debug|Any CPU.Build.0 = Debug|Any CPU
		{E714E421-BC7E-4527-8655-189933013352}.Debug|ARM.ActiveCfg = Debug|Any CPU
		{E714E421-BC7E-4527-8655-189933013352}.Debug|ARM.Build.0 = Debug|Any CPU
		{E714E421-BC7E-4527-8655-189933013352}.Debug|ARM64.ActiveCfg = Debug|Any CPU
		{E714E421-BC7E-4527-8655-189933013352}.Debug|ARM64.Build.0 = Debug|Any CPU
		{E714E421-BC7E-4527-8655-189933013352}.Debug|x64.ActiveCfg = Debug|Any CPU
		{E714E421-BC7E-4527-8655-189933013352}.Debug|x64.Build.0 = Debug|Any CPU
		{E714E421-BC7E-4527-8655-189933013352}.Debug|x86.ActiveCfg = Debug|Any CPU
		{E714E421-BC7E-4527-8655-189933013352}.Debug|x86.Build.0 = Debug|Any CPU
		{E714E421-BC7E-4527-8655-189933013352}.Release|Any CPU.ActiveCfg = Release|Any CPU
		{E714E421-BC7E-4527-8655-189933013352}.Release|Any CPU.Build.0 = Release|Any CPU
		{E714E421-BC7E-4527-8655-189933013352}.Release|ARM.ActiveCfg = Release|Any CPU
		{E714E421-BC7E-4527-8655-189933013352}.Release|ARM.Build.0 = Release|Any CPU
		{E714E421-BC7E-4527-8655-189933013352}.Release|ARM64.ActiveCfg = Release|Any CPU
		{E714E421-BC7E-4527-8655-189933013352}.Release|ARM64.Build.0 = Release|Any CPU
		{E714E421-BC7E-4527-8655-189933013352}.Release|x64.ActiveCfg = Release|Any CPU
		{E714E421-BC7E-4527-8655-189933013352}.Release|x64.Build.0 = Release|Any CPU
		{E714E421-BC7E-4527-8655-189933013352}.Release|x86.ActiveCfg = Release|Any CPU
		{E714E421-BC7E-4527-8655-189933013352}.Release|x86.Build.0 = Release|Any CPU
		{472EA4C3-3464-452B-89D3-2EA21E016AD4}.Debug|Any CPU.ActiveCfg = Debug|Any CPU
		{472EA4C3-3464-452B-89D3-2EA21E016AD4}.Debug|Any CPU.Build.0 = Debug|Any CPU
		{472EA4C3-3464-452B-89D3-2EA21E016AD4}.Debug|ARM.ActiveCfg = Debug|Any CPU
		{472EA4C3-3464-452B-89D3-2EA21E016AD4}.Debug|ARM.Build.0 = Debug|Any CPU
		{472EA4C3-3464-452B-89D3-2EA21E016AD4}.Debug|ARM64.ActiveCfg = Debug|Any CPU
		{472EA4C3-3464-452B-89D3-2EA21E016AD4}.Debug|ARM64.Build.0 = Debug|Any CPU
		{472EA4C3-3464-452B-89D3-2EA21E016AD4}.Debug|x64.ActiveCfg = Debug|Any CPU
		{472EA4C3-3464-452B-89D3-2EA21E016AD4}.Debug|x64.Build.0 = Debug|Any CPU
		{472EA4C3-3464-452B-89D3-2EA21E016AD4}.Debug|x86.ActiveCfg = Debug|Any CPU
		{472EA4C3-3464-452B-89D3-2EA21E016AD4}.Debug|x86.Build.0 = Debug|Any CPU
		{472EA4C3-3464-452B-89D3-2EA21E016AD4}.Release|Any CPU.ActiveCfg = Release|Any CPU
		{472EA4C3-3464-452B-89D3-2EA21E016AD4}.Release|Any CPU.Build.0 = Release|Any CPU
		{472EA4C3-3464-452B-89D3-2EA21E016AD4}.Release|ARM.ActiveCfg = Release|Any CPU
		{472EA4C3-3464-452B-89D3-2EA21E016AD4}.Release|ARM.Build.0 = Release|Any CPU
		{472EA4C3-3464-452B-89D3-2EA21E016AD4}.Release|ARM64.ActiveCfg = Release|Any CPU
		{472EA4C3-3464-452B-89D3-2EA21E016AD4}.Release|ARM64.Build.0 = Release|Any CPU
		{472EA4C3-3464-452B-89D3-2EA21E016AD4}.Release|x64.ActiveCfg = Release|Any CPU
		{472EA4C3-3464-452B-89D3-2EA21E016AD4}.Release|x64.Build.0 = Release|Any CPU
		{472EA4C3-3464-452B-89D3-2EA21E016AD4}.Release|x86.ActiveCfg = Release|Any CPU
		{472EA4C3-3464-452B-89D3-2EA21E016AD4}.Release|x86.Build.0 = Release|Any CPU
		{C409163F-38F2-46D9-AF58-FBA17D15EE66}.Debug|Any CPU.ActiveCfg = Debug|Any CPU
		{C409163F-38F2-46D9-AF58-FBA17D15EE66}.Debug|Any CPU.Build.0 = Debug|Any CPU
		{C409163F-38F2-46D9-AF58-FBA17D15EE66}.Debug|ARM.ActiveCfg = Debug|Any CPU
		{C409163F-38F2-46D9-AF58-FBA17D15EE66}.Debug|ARM.Build.0 = Debug|Any CPU
		{C409163F-38F2-46D9-AF58-FBA17D15EE66}.Debug|ARM64.ActiveCfg = Debug|Any CPU
		{C409163F-38F2-46D9-AF58-FBA17D15EE66}.Debug|ARM64.Build.0 = Debug|Any CPU
		{C409163F-38F2-46D9-AF58-FBA17D15EE66}.Debug|x64.ActiveCfg = Debug|Any CPU
		{C409163F-38F2-46D9-AF58-FBA17D15EE66}.Debug|x64.Build.0 = Debug|Any CPU
		{C409163F-38F2-46D9-AF58-FBA17D15EE66}.Debug|x86.ActiveCfg = Debug|Any CPU
		{C409163F-38F2-46D9-AF58-FBA17D15EE66}.Debug|x86.Build.0 = Debug|Any CPU
		{C409163F-38F2-46D9-AF58-FBA17D15EE66}.Release|Any CPU.ActiveCfg = Release|Any CPU
		{C409163F-38F2-46D9-AF58-FBA17D15EE66}.Release|Any CPU.Build.0 = Release|Any CPU
		{C409163F-38F2-46D9-AF58-FBA17D15EE66}.Release|ARM.ActiveCfg = Release|Any CPU
		{C409163F-38F2-46D9-AF58-FBA17D15EE66}.Release|ARM.Build.0 = Release|Any CPU
		{C409163F-38F2-46D9-AF58-FBA17D15EE66}.Release|ARM64.ActiveCfg = Release|Any CPU
		{C409163F-38F2-46D9-AF58-FBA17D15EE66}.Release|ARM64.Build.0 = Release|Any CPU
		{C409163F-38F2-46D9-AF58-FBA17D15EE66}.Release|x64.ActiveCfg = Release|Any CPU
		{C409163F-38F2-46D9-AF58-FBA17D15EE66}.Release|x64.Build.0 = Release|Any CPU
		{C409163F-38F2-46D9-AF58-FBA17D15EE66}.Release|x86.ActiveCfg = Release|Any CPU
		{C409163F-38F2-46D9-AF58-FBA17D15EE66}.Release|x86.Build.0 = Release|Any CPU
		{DA383A62-7866-425C-959B-FFA0CAF21A9D}.Debug|Any CPU.ActiveCfg = Debug|Any CPU
		{DA383A62-7866-425C-959B-FFA0CAF21A9D}.Debug|Any CPU.Build.0 = Debug|Any CPU
		{DA383A62-7866-425C-959B-FFA0CAF21A9D}.Debug|ARM.ActiveCfg = Debug|Any CPU
		{DA383A62-7866-425C-959B-FFA0CAF21A9D}.Debug|ARM.Build.0 = Debug|Any CPU
		{DA383A62-7866-425C-959B-FFA0CAF21A9D}.Debug|ARM64.ActiveCfg = Debug|Any CPU
		{DA383A62-7866-425C-959B-FFA0CAF21A9D}.Debug|ARM64.Build.0 = Debug|Any CPU
		{DA383A62-7866-425C-959B-FFA0CAF21A9D}.Debug|x64.ActiveCfg = Debug|Any CPU
		{DA383A62-7866-425C-959B-FFA0CAF21A9D}.Debug|x64.Build.0 = Debug|Any CPU
		{DA383A62-7866-425C-959B-FFA0CAF21A9D}.Debug|x86.ActiveCfg = Debug|Any CPU
		{DA383A62-7866-425C-959B-FFA0CAF21A9D}.Debug|x86.Build.0 = Debug|Any CPU
		{DA383A62-7866-425C-959B-FFA0CAF21A9D}.Release|Any CPU.ActiveCfg = Release|Any CPU
		{DA383A62-7866-425C-959B-FFA0CAF21A9D}.Release|Any CPU.Build.0 = Release|Any CPU
		{DA383A62-7866-425C-959B-FFA0CAF21A9D}.Release|ARM.ActiveCfg = Release|Any CPU
		{DA383A62-7866-425C-959B-FFA0CAF21A9D}.Release|ARM.Build.0 = Release|Any CPU
		{DA383A62-7866-425C-959B-FFA0CAF21A9D}.Release|ARM64.ActiveCfg = Release|Any CPU
		{DA383A62-7866-425C-959B-FFA0CAF21A9D}.Release|ARM64.Build.0 = Release|Any CPU
		{DA383A62-7866-425C-959B-FFA0CAF21A9D}.Release|x64.ActiveCfg = Release|Any CPU
		{DA383A62-7866-425C-959B-FFA0CAF21A9D}.Release|x64.Build.0 = Release|Any CPU
		{DA383A62-7866-425C-959B-FFA0CAF21A9D}.Release|x86.ActiveCfg = Release|Any CPU
		{DA383A62-7866-425C-959B-FFA0CAF21A9D}.Release|x86.Build.0 = Release|Any CPU
		{CA0F37D6-2E1C-4549-BECC-054770423A27}.Debug|Any CPU.ActiveCfg = Debug|Any CPU
		{CA0F37D6-2E1C-4549-BECC-054770423A27}.Debug|Any CPU.Build.0 = Debug|Any CPU
		{CA0F37D6-2E1C-4549-BECC-054770423A27}.Debug|ARM.ActiveCfg = Debug|Any CPU
		{CA0F37D6-2E1C-4549-BECC-054770423A27}.Debug|ARM.Build.0 = Debug|Any CPU
		{CA0F37D6-2E1C-4549-BECC-054770423A27}.Debug|ARM64.ActiveCfg = Debug|Any CPU
		{CA0F37D6-2E1C-4549-BECC-054770423A27}.Debug|ARM64.Build.0 = Debug|Any CPU
		{CA0F37D6-2E1C-4549-BECC-054770423A27}.Debug|x64.ActiveCfg = Debug|Any CPU
		{CA0F37D6-2E1C-4549-BECC-054770423A27}.Debug|x64.Build.0 = Debug|Any CPU
		{CA0F37D6-2E1C-4549-BECC-054770423A27}.Debug|x86.ActiveCfg = Debug|Any CPU
		{CA0F37D6-2E1C-4549-BECC-054770423A27}.Debug|x86.Build.0 = Debug|Any CPU
		{CA0F37D6-2E1C-4549-BECC-054770423A27}.Release|Any CPU.ActiveCfg = Release|Any CPU
		{CA0F37D6-2E1C-4549-BECC-054770423A27}.Release|Any CPU.Build.0 = Release|Any CPU
		{CA0F37D6-2E1C-4549-BECC-054770423A27}.Release|ARM.ActiveCfg = Release|Any CPU
		{CA0F37D6-2E1C-4549-BECC-054770423A27}.Release|ARM.Build.0 = Release|Any CPU
		{CA0F37D6-2E1C-4549-BECC-054770423A27}.Release|ARM64.ActiveCfg = Release|Any CPU
		{CA0F37D6-2E1C-4549-BECC-054770423A27}.Release|ARM64.Build.0 = Release|Any CPU
		{CA0F37D6-2E1C-4549-BECC-054770423A27}.Release|x64.ActiveCfg = Release|Any CPU
		{CA0F37D6-2E1C-4549-BECC-054770423A27}.Release|x64.Build.0 = Release|Any CPU
		{CA0F37D6-2E1C-4549-BECC-054770423A27}.Release|x86.ActiveCfg = Release|Any CPU
		{CA0F37D6-2E1C-4549-BECC-054770423A27}.Release|x86.Build.0 = Release|Any CPU
	EndGlobalSection
	GlobalSection(SolutionProperties) = preSolution
		HideSolutionNode = FALSE
	EndGlobalSection
	GlobalSection(NestedProjects) = preSolution
		{CA0F37D6-2E1C-4549-BECC-054770423A27} = {15FE0B16-447B-46A3-9B5C-43A9BC92C911}
	EndGlobalSection
	GlobalSection(ExtensibilityGlobals) = postSolution
		SolutionGuid = {16C33340-920C-4F7A-AD10-720FD9F7E134}
	EndGlobalSection
EndGlobal
